PATH
  remote: ..
  specs:
    column_namespace (0.1.0)
      activerecord (>= 4.2, < 9)
      class2 (~> 0.7)

GEM
  remote: https://rubygems.org/
  specs:
    activemodel (7.0.10)
      activesupport (= 7.0.10)
    activerecord (7.0.10)
      activemodel (= 7.0.10)
      activesupport (= 7.0.10)
    activesupport (7.0.10)
      base64
      benchmark (>= 0.3)
      bigdecimal
      concurrent-ruby (~> 1.0, >= 1.0.2)
      drb
      i18n (>= 1.6, < 2)
      logger (>= 1.4.2)
      minitest (>= 5.1)
      mutex_m
      securerandom (>= 0.3)
      tzinfo (~> 2.0)
    appraisal (2.5.0)
      bundler
      rake
      thor (>= 0.14.0)
    base64 (0.3.0)
    benchmark (0.5.0)
    bigdecimal (4.1.3)
    class2 (0.7.0)
      dry-inflector (~> 1.1.0)
    concurrent-ruby (1.3.8)
    diff-lcs (1.6.2)
    drb (2.2.3)
    dry-inflector (1.1.0)
    i18n (1.15.2)
      concurrent-ruby (~> 1.0)
    logger (1.7.0)
    mini_portile2 (2.8.9)
    minitest (6.0.6)
      drb (~> 2.0)
      prism (~> 1.5)
    mutex_m (0.3.0)
    prism (1.9.0)
    rake (13.4.2)
    rspec (3.13.2)
      rspec-core (~> 3.13.0)
      rspec-expectations (~> 3.13.0)
      rspec-mocks (~> 3.13.0)
    rspec-core (3.13.6)
      rspec-support (~> 3.13.0)
    rspec-expectations (3.13.5)
      diff-lcs (>= 1.2.0, < 2.0)
      rspec-support (~> 3.13.0)
    rspec-mocks (3.13.8)
      diff-lcs (>= 1.2.0, < 2.0)
      rspec-support (~> 3.13.0)
    rspec-support (3.13.7)
    securerandom (0.4.1)
    sqlite3 (1.7.3)
      mini_portile2 (~> 2.8.0)
    thor (1.5.0)
    tzinfo (2.0.6)
      concurrent-ruby (~> 1.0)

PLATFORMS
  aarch64-linux-gnu
  aarch64-linux-musl
  arm-linux-gnu
  arm-linux-musl
  arm64-darwin
  x86-linux-gnu
  x86-linux-musl
  x86_64-darwin
  x86_64-linux-gnu
  x86_64-linux-musl

DEPENDENCIES
  activerecord (~> 7.0.8)
  appraisal
  bundler
  column_namespace!
  rake (>= 12.3.3)
  rspec (~> 3.0)
  sqlite3 (~> 1.4)

CHECKSUMS
  activemodel (7.0.10) sha256=e2e1e0a4664b69606363e9f6f59afadeab6fa8843c5fb73cd037bb72a40fa498
  activerecord (7.0.10) sha256=63bc193d4c6944d85f53255362b67269d246a51bd664e09b1aa2cecfe5288c9a
  activesupport (7.0.10) sha256=01487b0774045918b36893af4f012986db8375f6c5850c0ffc75b940ede72305
  appraisal (2.5.0) sha256=36989221be127913b0dba8d114da2001e6b2dceea7bd4951200eaba764eed3ce
  base64 (0.3.0) sha256=27337aeabad6ffae05c265c450490628ef3ebd4b67be58257393227588f5a97b
  benchmark (0.5.0) sha256=465df122341aedcb81a2a24b4d3bd19b6c67c1530713fd533f3ff034e419236c
  bigdecimal (4.1.3) sha256=61ebe1e5e559bdc3cc6f2c0ee7f427321fc838f59611c294356eb04d6e21cf66
  class2 (0.7.0) sha256=61653032e7ad24cf8a6f7778051a61754c74e9082436e1b86946921d544c028f
  column_namespace (0.1.0)
  concurrent-ruby (1.3.8) sha256=b2f1be836e968ccc78ccfce277ea79c72a88633f22306782c16ff23fb415d1e1
  diff-lcs (1.6.2) sha256=9ae0d2cba7d4df3075fe8cd8602a8604993efc0dfa934cff568969efb1909962
  drb (2.2.3) sha256=0b00d6fdb50995fe4a45dea13663493c841112e4068656854646f418fda13373
  dry-inflector (1.1.0) sha256=340fb9b1b69b4355a3071f1d8fd94d97fc69d48c438748da5c13debfe5c06792
  i18n (1.15.2) sha256=00f9eb62412fe593b2a65a97daa75300d37abb8f7202ec748e94b6d46a9dd1b5
  logger (1.7.0) sha256=196edec7cc44b66cfb40f9755ce11b392f21f7967696af15d274dde7edff0203
  mini_portile2 (2.8.9) sha256=0cd7c7f824e010c072e33f68bc02d85a00aeb6fce05bb4819c03dfd3c140c289
  minitest (6.0.6) sha256=153ea36d1d987a62942382b61075745042a2b3123b1cd48f4c3675af9cc7d6f1
  mutex_m (0.3.0) sha256=cfcb04ac16b69c4813777022fdceda24e9f798e48092a2b817eb4c0a782b0751
  prism (1.9.0) sha256=7b530c6a9f92c24300014919c9dcbc055bf4cdf51ec30aed099b06cd6674ef85
  rake (13.4.2) sha256=cb825b2bd5f1f8e91ca37bddb4b9aaf345551b4731da62949be002fa89283701
  rspec (3.13.2) sha256=206284a08ad798e61f86d7ca3e376718d52c0bc944626b2349266f239f820587
  rspec-core (3.13.6) sha256=a8823c6411667b60a8bca135364351dda34cd55e44ff94c4be4633b37d828b2d
  rspec-expectations (3.13.5) sha256=33a4d3a1d95060aea4c94e9f237030a8f9eae5615e9bd85718fe3a09e4b58836
  rspec-mocks (3.13.8) sha256=086ad3d3d17533f4237643de0b5c42f04b66348c28bf6b9c2d3f4a3b01af1d47
  rspec-support (3.13.7) sha256=0640e5570872aafefd79867901deeeeb40b0c9875a36b983d85f54fb7381c47c
  securerandom (0.4.1) sha256=cc5193d414a4341b6e225f0cb4446aceca8e50d5e1888743fac16987638ea0b1
  sqlite3 (1.7.3) sha256=fa77f63c709548f46d4e9b6bb45cda52aa3881aa12cc85991132758e8968701c
  thor (1.5.0) sha256=e3a9e55fe857e44859ce104a84675ab6e8cd59c650a49106a05f55f136425e73
  tzinfo (2.0.6) sha256=8daf828cc77bcf7d63b0e3bdb6caa47e2272dcfaf4fbfe46f8c3a9df087a829b

BUNDLED WITH
  4.0.7
